// !$*UTF8*$!
{
	archiveVersion = 1;
	classes = {
	};
	objectVersion = 46;
	objects = {

/* Begin PBXBuildFile section */
		0B509B8C1E79348D00EFA64C /* LibraryViewController.m in Sources */ = {isa = PBXBuildFile; fileRef = 0B509B891E79348D00EFA64C /* LibraryViewController.m */; };
		0B509B8D1E79348D00EFA64C /* ViewController.m in Sources */ = {isa = PBXBuildFile; fileRef = 0B509B8B1E79348D00EFA64C /* ViewController.m */; };
		0B509B921E7938C700EFA64C /* LibraryCollectionViewItem.m in Sources */ = {isa = PBXBuildFile; fileRef = 0B509B901E7938C700EFA64C /* LibraryCollectionViewItem.m */; };
		0B509B931E7938C700EFA64C /* LibraryCollectionViewItem.xib in Resources */ = {isa = PBXBuildFile; fileRef = 0B509B911E7938C700EFA64C /* LibraryCollectionViewItem.xib */; };
		0B509B971E793F2F00EFA64C /* ControlPoint.m in Sources */ = {isa = PBXBuildFile; fileRef = 0B509B961E793F2F00EFA64C /* ControlPoint.m */; };
		0BCAB5461E78F5180038DDC1 /* BezierThumbnailsPainter.m in Sources */ = {isa = PBXBuildFile; fileRef = 0BCAB5451E78F5180038DDC1 /* BezierThumbnailsPainter.m */; };
		B94C6F1D1AA40EFE001F84A7 /* BezierPreviewView.m in Sources */ = {isa = PBXBuildFile; fileRef = B94C6F1C1AA40EFE001F84A7 /* BezierPreviewView.m */; };
		B9D1E5F91AA186C5000C5854 /* AppDelegate.m in Sources */ = {isa = PBXBuildFile; fileRef = B9D1E5F81AA186C5000C5854 /* AppDelegate.m */; };
		B9D1E5FB1AA186C5000C5854 /* main.m in Sources */ = {isa = PBXBuildFile; fileRef = B9D1E5FA1AA186C5000C5854 /* main.m */; };
		B9D1E6001AA186C5000C5854 /* Images.xcassets in Resources */ = {isa = PBXBuildFile; fileRef = B9D1E5FF1AA186C5000C5854 /* Images.xcassets */; };
		B9D1E6031AA186C5000C5854 /* Main.storyboard in Resources */ = {isa = PBXBuildFile; fileRef = B9D1E6011AA186C5000C5854 /* Main.storyboard */; };
		B9D1E60F1AA186C5000C5854 /* CubicBezierTests.m in Sources */ = {isa = PBXBuildFile; fileRef = B9D1E60E1AA186C5000C5854 /* CubicBezierTests.m */; };
		B9D1E61B1AA186EE000C5854 /* BezierBoardView.m in Sources */ = {isa = PBXBuildFile; fileRef = B9D1E61A1AA186EE000C5854 /* BezierBoardView.m */; };
		B9D1E61E1AA18708000C5854 /* RoundButton.m in Sources */ = {isa = PBXBuildFile; fileRef = B9D1E61D1AA18708000C5854 /* RoundButton.m */; };
/* End PBXBuildFile section */

/* Begin PBXContainerItemProxy section */
		B9D1E6091AA186C5000C5854 /* PBXContainerItemProxy */ = {
			isa = PBXContainerItemProxy;
			containerPortal = B9D1E5EA1AA186C4000C5854 /* Project object */;
			proxyType = 1;
			remoteGlobalIDString = B9D1E5F11AA186C4000C5854;
			remoteInfo = CubicBezier;
		};
/* End PBXContainerItemProxy section */

/* Begin PBXFileReference section */
		0B509B881E79348D00EFA64C /* LibraryViewController.h */ = {isa = PBXFileReference; fileEncoding = 4; lastKnownFileType = sourcecode.c.h; path = LibraryViewController.h; sourceTree = "<group>"; };
		0B509B891E79348D00EFA64C /* LibraryViewController.m */ = {isa = PBXFileReference; fileEncoding = 4; lastKnownFileType = sourcecode.c.objc; path = LibraryViewController.m; sourceTree = "<group>"; };
		0B509B8A1E79348D00EFA64C /* ViewController.h */ = {isa = PBXFileReference; fileEncoding = 4; lastKnownFileType = sourcecode.c.h; path = ViewController.h; sourceTree = "<group>"; };
		0B509B8B1E79348D00EFA64C /* ViewController.m */ = {isa = PBXFileReference; fileEncoding = 4; lastKnownFileType = sourcecode.c.objc; path = ViewController.m; sourceTree = "<group>"; };
		0B509B8F1E7938C700EFA64C /* LibraryCollectionViewItem.h */ = {isa = PBXFileReference; fileEncoding = 4; lastKnownFileType = sourcecode.c.h; path = LibraryCollectionViewItem.h; sourceTree = "<group>"; };
		0B509B901E7938C700EFA64C /* LibraryCollectionViewItem.m */ = {isa = PBXFileReference; fileEncoding = 4; lastKnownFileType = sourcecode.c.objc; path = LibraryCollectionViewItem.m; sourceTree = "<group>"; };
		0B509B911E7938C700EFA64C /* LibraryCollectionViewItem.xib */ = {isa = PBXFileReference; fileEncoding = 4; lastKnownFileType = file.xib; path = LibraryCollectionViewItem.xib; sourceTree = "<group>"; };
		0B509B951E793F2F00EFA64C /* ControlPoint.h */ = {isa = PBXFileReference; fileEncoding = 4; lastKnownFileType = sourcecode.c.h; path = ControlPoint.h; sourceTree = "<group>"; };
		0B509B961E793F2F00EFA64C /* ControlPoint.m */ = {isa = PBXFileReference; fileEncoding = 4; lastKnownFileType = sourcecode.c.objc; path = ControlPoint.m; sourceTree = "<group>"; };
		0BCAB5441E78F5180038DDC1 /* BezierThumbnailsPainter.h */ = {isa = PBXFileReference; fileEncoding = 4; lastKnownFileType = sourcecode.c.h; path = BezierThumbnailsPainter.h; sourceTree = "<group>"; };
		0BCAB5451E78F5180038DDC1 /* BezierThumbnailsPainter.m */ = {isa = PBXFileReference; fileEncoding = 4; lastKnownFileType = sourcecode.c.objc; path = BezierThumbnailsPainter.m; sourceTree = "<group>"; };
		B94C6F1B1AA40EFE001F84A7 /* BezierPreviewView.h */ = {isa = PBXFileReference; fileEncoding = 4; lastKnownFileType = sourcecode.c.h; path = BezierPreviewView.h; sourceTree = "<group>"; };
		B94C6F1C1AA40EFE001F84A7 /* BezierPreviewView.m */ = {isa = PBXFileReference; fileEncoding = 4; lastKnownFileType = sourcecode.c.objc; path = BezierPreviewView.m; sourceTree = "<group>"; };
		B9D1E5F21AA186C5000C5854 /* CubicBezier.app */ = {isa = PBXFileReference; explicitFileType = wrapper.application; includeInIndex = 0; path = CubicBezier.app; sourceTree = BUILT_PRODUCTS_DIR; };
		B9D1E5F61AA186C5000C5854 /* Info.plist */ = {isa = PBXFileReference; lastKnownFileType = text.plist.xml; path = Info.plist; sourceTree = "<group>"; };
		B9D1E5F71AA186C5000C5854 /* AppDelegate.h */ = {isa = PBXFileReference; lastKnownFileType = sourcecode.c.h; path = AppDelegate.h; sourceTree = "<group>"; };
		B9D1E5F81AA186C5000C5854 /* AppDelegate.m */ = {isa = PBXFileReference; lastKnownFileType = sourcecode.c.objc; path = AppDelegate.m; sourceTree = "<group>"; };
		B9D1E5FA1AA186C5000C5854 /* main.m */ = {isa = PBXFileReference; lastKnownFileType = sourcecode.c.objc; path = main.m; sourceTree = "<group>"; };
		B9D1E5FF1AA186C5000C5854 /* Images.xcassets */ = {isa = PBXFileReference; lastKnownFileType = folder.assetcatalog; path = Images.xcassets; sourceTree = "<group>"; };
		B9D1E6021AA186C5000C5854 /* Base */ = {isa = PBXFileReference; lastKnownFileType = file.storyboard; name = Base; path = Base.lproj/Main.storyboard; sourceTree = "<group>"; };
		B9D1E6081AA186C5000C5854 /* CubicBezierTests.xctest */ = {isa = PBXFileReference; explicitFileType = wrapper.cfbundle; includeInIndex = 0; path = CubicBezierTests.xctest; sourceTree = BUILT_PRODUCTS_DIR; };
		B9D1E60D1AA186C5000C5854 /* Info.plist */ = {isa = PBXFileReference; lastKnownFileType = text.plist.xml; path = Info.plist; sourceTree = "<group>"; };
		B9D1E60E1AA186C5000C5854 /* CubicBezierTests.m */ = {isa = PBXFileReference; lastKnownFileType = sourcecode.c.objc; path = CubicBezierTests.m; sourceTree = "<group>"; };
		B9D1E6191AA186EE000C5854 /* BezierBoardView.h */ = {isa = PBXFileReference; fileEncoding = 4; lastKnownFileType = sourcecode.c.h; path = BezierBoardView.h; sourceTree = "<group>"; };
		B9D1E61A1AA186EE000C5854 /* BezierBoardView.m */ = {isa = PBXFileReference; fileEncoding = 4; lastKnownFileType = sourcecode.c.objc; path = BezierBoardView.m; sourceTree = "<group>"; };
		B9D1E61C1AA18708000C5854 /* RoundButton.h */ = {isa = PBXFileReference; fileEncoding = 4; lastKnownFileType = sourcecode.c.h; path = RoundButton.h; sourceTree = "<group>"; };
		B9D1E61D1AA18708000C5854 /* RoundButton.m */ = {isa = PBXFileReference; fileEncoding = 4; lastKnownFileType = sourcecode.c.objc; path = RoundButton.m; sourceTree = "<group>"; };
/* End PBXFileReference section */

/* Begin PBXFrameworksBuildPhase section */
		B9D1E5EF1AA186C4000C5854 /* Frameworks */ = {
			isa = PBXFrameworksBuildPhase;
			buildActionMask = 2147483647;
			files = (
			);
			runOnlyForDeploymentPostprocessing = 0;
		};
		B9D1E6051AA186C5000C5854 /* Frameworks */ = {
			isa = PBXFrameworksBuildPhase;
			buildActionMask = 2147483647;
			files = (
			);
			runOnlyForDeploymentPostprocessing = 0;
		};
/* End PBXFrameworksBuildPhase section */

/* Begin PBXGroup section */
		0B509B871E79348D00EFA64C /* Controllers */ = {
			isa = PBXGroup;
			children = (
				0B509B881E79348D00EFA64C /* LibraryViewController.h */,
				0B509B891E79348D00EFA64C /* LibraryViewController.m */,
				0B509B8A1E79348D00EFA64C /* ViewController.h */,
				0B509B8B1E79348D00EFA64C /* ViewController.m */,
			);
			path = Controllers;
			sourceTree = "<group>";
		};
		0B509B8E1E7938B600EFA64C /* LibraryCollectionItem */ = {
			isa = PBXGroup;
			children = (
				0B509B8F1E7938C700EFA64C /* LibraryCollectionViewItem.h */,
				0B509B901E7938C700EFA64C /* LibraryCollectionViewItem.m */,
				0B509B911E7938C700EFA64C /* LibraryCollectionViewItem.xib */,
			);
			path = LibraryCollectionItem;
			sourceTree = "<group>";
		};
		0B509B941E793F2300EFA64C /* Models */ = {
			isa = PBXGroup;
			children = (
				0B509B951E793F2F00EFA64C /* ControlPoint.h */,
				0B509B961E793F2F00EFA64C /* ControlPoint.m */,
			);
			path = Models;
			sourceTree = "<group>";
		};
		0BCAB5431E78F4B20038DDC1 /* Utils */ = {
			isa = PBXGroup;
			children = (
				0BCAB5441E78F5180038DDC1 /* BezierThumbnailsPainter.h */,
				0BCAB5451E78F5180038DDC1 /* BezierThumbnailsPainter.m */,
			);
			path = Utils;
			sourceTree = "<group>";
		};
		B9D1E5E91AA186C4000C5854 = {
			isa = PBXGroup;
			children = (
				B9D1E5F41AA186C5000C5854 /* CubicBezier */,
				B9D1E60B1AA186C5000C5854 /* CubicBezierTests */,
				B9D1E5F31AA186C5000C5854 /* Products */,
			);
			sourceTree = "<group>";
		};
		B9D1E5F31AA186C5000C5854 /* Products */ = {
			isa = PBXGroup;
			children = (
				B9D1E5F21AA186C5000C5854 /* CubicBezier.app */,
				B9D1E6081AA186C5000C5854 /* CubicBezierTests.xctest */,
			);
			name = Products;
			sourceTree = "<group>";
		};
		B9D1E5F41AA186C5000C5854 /* CubicBezier */ = {
			isa = PBXGroup;
			children = (
				0B509B941E793F2300EFA64C /* Models */,
				0BCAB5431E78F4B20038DDC1 /* Utils */,
				B9D1E6181AA186DE000C5854 /* Views */,
				0B509B871E79348D00EFA64C /* Controllers */,
				B9D1E5F71AA186C5000C5854 /* AppDelegate.h */,
				B9D1E5F81AA186C5000C5854 /* AppDelegate.m */,
				B9D1E5FF1AA186C5000C5854 /* Images.xcassets */,
				B9D1E6011AA186C5000C5854 /* Main.storyboard */,
				B9D1E5F51AA186C5000C5854 /* Supporting Files */,
			);
			path = CubicBezier;
			sourceTree = "<group>";
		};
		B9D1E5F51AA186C5000C5854 /* Supporting Files */ = {
			isa = PBXGroup;
			children = (
				B9D1E5F61AA186C5000C5854 /* Info.plist */,
				B9D1E5FA1AA186C5000C5854 /* main.m */,
			);
			name = "Supporting Files";
			sourceTree = "<group>";
		};
		B9D1E60B1AA186C5000C5854 /* CubicBezierTests */ = {
			isa = PBXGroup;
			children = (
				B9D1E60E1AA186C5000C5854 /* CubicBezierTests.m */,
				B9D1E60C1AA186C5000C5854 /* Supporting Files */,
			);
			path = CubicBezierTests;
			sourceTree = "<group>";
		};
		B9D1E60C1AA186C5000C5854 /* Supporting Files */ = {
			isa = PBXGroup;
			children = (
				B9D1E60D1AA186C5000C5854 /* Info.plist */,
			);
			name = "Supporting Files";
			sourceTree = "<group>";
		};
		B9D1E6181AA186DE000C5854 /* Views */ = {
			isa = PBXGroup;
			children = (
				0B509B8E1E7938B600EFA64C /* LibraryCollectionItem */,
				B9D1E6191AA186EE000C5854 /* BezierBoardView.h */,
				B9D1E61A1AA186EE000C5854 /* BezierBoardView.m */,
				B9D1E61C1AA18708000C5854 /* RoundButton.h */,
				B9D1E61D1AA18708000C5854 /* RoundButton.m */,
				B94C6F1B1AA40EFE001F84A7 /* BezierPreviewView.h */,
				B94C6F1C1AA40EFE001F84A7 /* BezierPreviewView.m */,
			);
			path = Views;
			sourceTree = "<group>";
		};
/* End PBXGroup section */

/* Begin PBXNativeTarget section */
		B9D1E5F11AA186C4000C5854 /* CubicBezier */ = {
			isa = PBXNativeTarget;
			buildConfigurationList = B9D1E6121AA186C5000C5854 /* Build configuration list for PBXNativeTarget "CubicBezier" */;
			buildPhases = (
				B9D1E5EE1AA186C4000C5854 /* Sources */,
				B9D1E5EF1AA186C4000C5854 /* Frameworks */,
				B9D1E5F01AA186C4000C5854 /* Resources */,
			);
			buildRules = (
			);
			dependencies = (
			);
			name = CubicBezier;
			productName = CubicBezier;
			productReference = B9D1E5F21AA186C5000C5854 /* CubicBezier.app */;
			productType = "com.apple.product-type.application";
		};
		B9D1E6071AA186C5000C5854 /* CubicBezierTests */ = {
			isa = PBXNativeTarget;
			buildConfigurationList = B9D1E6151AA186C5000C5854 /* Build configuration list for PBXNativeTarget "CubicBezierTests" */;
			buildPhases = (
				B9D1E6041AA186C5000C5854 /* Sources */,
				B9D1E6051AA186C5000C5854 /* Frameworks */,
				B9D1E6061AA186C5000C5854 /* Resources */,
			);
			buildRules = (
			);
			dependencies = (
				B9D1E60A1AA186C5000C5854 /* PBXTargetDependency */,
			);
			name = CubicBezierTests;
			productName = CubicBezierTests;
			productReference = B9D1E6081AA186C5000C5854 /* CubicBezierTests.xctest */;
			productType = "com.apple.product-type.bundle.unit-test";
		};
/* End PBXNativeTarget section */

/* Begin PBXProject section */
		B9D1E5EA1AA186C4000C5854 /* Project object */ = {
			isa = PBXProject;
			attributes = {
				LastUpgradeCheck = 1400;
				TargetAttributes = {
					B9D1E5F11AA186C4000C5854 = {
						CreatedOnToolsVersion = 6.1.1;
						ProvisioningStyle = Manual;
						SystemCapabilities = {
							com.apple.Sandbox = {
								enabled = 0;
							};
						};
					};
					B9D1E6071AA186C5000C5854 = {
						CreatedOnToolsVersion = 6.1.1;
						TestTargetID = B9D1E5F11AA186C4000C5854;
					};
				};
			};
			buildConfigurationList = B9D1E5ED1AA186C4000C5854 /* Build configuration list for PBXProject "CubicBezier" */;
			compatibilityVersion = "Xcode 3.2";
			developmentRegion = en;
			hasScannedForEncodings = 0;
			knownRegions = (
				en,
				Base,
			);
			mainGroup = B9D1E5E91AA186C4000C5854;
			productRefGroup = B9D1E5F31AA186C5000C5854 /* Products */;
			projectDirPath = "";
			projectRoot = "";
			targets = (
				B9D1E5F11AA186C4000C5854 /* CubicBezier */,
				B9D1E6071AA186C5000C5854 /* CubicBezierTests */,
			);
		};
/* End PBXProject section */

/* Begin PBXResourcesBuildPhase section */
		B9D1E5F01AA186C4000C5854 /* Resources */ = {
			isa = PBXResourcesBuildPhase;
			buildActionMask = 2147483647;
			files = (
				B9D1E6001AA186C5000C5854 /* Images.xcassets in Resources */,
				0B509B931E7938C700EFA64C /* LibraryCollectionViewItem.xib in Resources */,
				B9D1E6031AA186C5000C5854 /* Main.storyboard in Resources */,
			);
			runOnlyForDeploymentPostprocessing = 0;
		};
		B9D1E6061AA186C5000C5854 /* Resources */ = {
			isa = PBXResourcesBuildPhase;
			buildActionMask = 2147483647;
			files = (
			);
			runOnlyForDeploymentPostprocessing = 0;
		};
/* End PBXResourcesBuildPhase section */

/* Begin PBXSourcesBuildPhase section */
		B9D1E5EE1AA186C4000C5854 /* Sources */ = {
			isa = PBXSourcesBuildPhase;
			buildActionMask = 2147483647;
			files = (
				B94C6F1D1AA40EFE001F84A7 /* BezierPreviewView.m in Sources */,
				0B509B8C1E79348D00EFA64C /* LibraryViewController.m in Sources */,
				0B509B971E793F2F00EFA64C /* ControlPoint.m in Sources */,
				0B509B8D1E79348D00EFA64C /* ViewController.m in Sources */,
				0B509B921E7938C700EFA64C /* LibraryCollectionViewItem.m in Sources */,
				B9D1E61B1AA186EE000C5854 /* BezierBoardView.m in Sources */,
				B9D1E61E1AA18708000C5854 /* RoundButton.m in Sources */,
				0BCAB5461E78F5180038DDC1 /* BezierThumbnailsPainter.m in Sources */,
				B9D1E5FB1AA186C5000C5854 /* main.m in Sources */,
				B9D1E5F91AA186C5000C5854 /* AppDelegate.m in Sources */,
			);
			runOnlyForDeploymentPostprocessing = 0;
		};
		B9D1E6041AA186C5000C5854 /* Sources */ = {
			isa = PBXSourcesBuildPhase;
			buildActionMask = 2147483647;
			files = (
				B9D1E60F1AA186C5000C5854 /* CubicBezierTests.m in Sources */,
			);
			runOnlyForDeploymentPostprocessing = 0;
		};
/* End PBXSourcesBuildPhase section */

/* Begin PBXTargetDependency section */
		B9D1E60A1AA186C5000C5854 /* PBXTargetDependency */ = {
			isa = PBXTargetDependency;
			target = B9D1E5F11AA186C4000C5854 /* CubicBezier */;
			targetProxy = B9D1E6091AA186C5000C5854 /* PBXContainerItemProxy */;
		};
/* End PBXTargetDependency section */

/* Begin PBXVariantGroup section */
		B9D1E6011AA186C5000C5854 /* Main.storyboard */ = {
			isa = PBXVariantGroup;
			children = (
				B9D1E6021AA186C5000C5854 /* Base */,
			);
			name = Main.storyboard;
			sourceTree = "<group>";
		};
/* End PBXVariantGroup section */

/* Begin XCBuildConfiguration section */
		B9D1E6101AA186C5000C5854 /* Debug */ = {
			isa = XCBuildConfiguration;
			buildSettings = {
				ALWAYS_SEARCH_USER_PATHS = NO;
				CLANG_CXX_LANGUAGE_STANDARD = "gnu++0x";
				CLANG_CXX_LIBRARY = "libc++";
				CLANG_ENABLE_MODULES = YES;
				CLANG_ENABLE_OBJC_ARC = YES;
				CLANG_WARN_BLOCK_CAPTURE_AUTORELEASING = YES;
				CLANG_WARN_BOOL_CONVERSION = YES;
				CLANG_WARN_COMMA = YES;
				CLANG_WARN_CONSTANT_CONVERSION = YES;
				CLANG_WARN_DEPRECATED_OBJC_IMPLEMENTATIONS = YES;
				CLANG_WARN_DIRECT_OBJC_ISA_USAGE = YES_ERROR;
				CLANG_WARN_EMPTY_BODY = YES;
				CLANG_WARN_ENUM_CONVERSION = YES;
				CLANG_WARN_INFINITE_RECURSION = YES;
				CLANG_WARN_INT_CONVERSION = YES;
				CLANG_WARN_NON_LITERAL_NULL_CONVERSION = YES;
				CLANG_WARN_OBJC_IMPLICIT_RETAIN_SELF = YES;
				CLANG_WARN_OBJC_LITERAL_CONVERSION = YES;
				CLANG_WARN_OBJC_ROOT_CLASS = YES_ERROR;
				CLANG_WARN_QUOTED_INCLUDE_IN_FRAMEWORK_HEADER = YES;
				CLANG_WARN_RANGE_LOOP_ANALYSIS = YES;
				CLANG_WARN_STRICT_PROTOTYPES = YES;
				CLANG_WARN_SUSPICIOUS_MOVE = YES;
				CLANG_WARN_UNREACHABLE_CODE = YES;
				CLANG_WARN__DUPLICATE_METHOD_MATCH = YES;
				CODE_SIGN_IDENTITY = "-";
				COPY_PHASE_STRIP = NO;
				DEAD_CODE_STRIPPING = YES;
				ENABLE_STRICT_OBJC_MSGSEND = YES;
				ENABLE_TESTABILITY = YES;
				GCC_C_LANGUAGE_STANDARD = gnu99;
				GCC_DYNAMIC_NO_PIC = NO;
				GCC_NO_COMMON_BLOCKS = YES;
				GCC_OPTIMIZATION_LEVEL = 0;
				GCC_PREPROCESSOR_DEFINITIONS = (
					"DEBUG=1",
					"$(inherited)",
				);
				GCC_SYMBOLS_PRIVATE_EXTERN = NO;
				GCC_WARN_64_TO_32_BIT_CONVERSION = YES;
				GCC_WARN_ABOUT_RETURN_TYPE = YES_ERROR;
				GCC_WARN_UNDECLARED_SELECTOR = YES;
				GCC_WARN_UNINITIALIZED_AUTOS = YES_AGGRESSIVE;
				GCC_WARN_UNUSED_FUNCTION = YES;
				GCC_WARN_UNUSED_VARIABLE = YES;
				MACOSX_DEPLOYMENT_TARGET = 10.11;
				MTL_ENABLE_DEBUG_INFO = YES;
				ONLY_ACTIVE_ARCH = YES;
				SDKROOT = macosx;
			};
			name = Debug;
		};
		B9D1E6111AA186C5000C5854 /* Release */ = {
			isa = XCBuildConfiguration;
			buildSettings = {
				ALWAYS_SEARCH_USER_PATHS = NO;
				CLANG_CXX_LANGUAGE_STANDARD = "gnu++0x";
				CLANG_CXX_LIBRARY = "libc++";
				CLANG_ENABLE_MODULES = YES;
				CLANG_ENABLE_OBJC_ARC = YES;
				CLANG_WARN_BLOCK_CAPTURE_AUTORELEASING = YES;
				CLANG_WARN_BOOL_CONVERSION = YES;
				CLANG_WARN_COMMA = YES;
				CLANG_WARN_CONSTANT_CONVERSION = YES;
				CLANG_WARN_DEPRECATED_OBJC_IMPLEMENTATIONS = YES;
				CLANG_WARN_DIRECT_OBJC_ISA_USAGE = YES_ERROR;
				CLANG_WARN_EMPTY_BODY = YES;
				CLANG_WARN_ENUM_CONVERSION = YES;
				CLANG_WARN_INFINITE_RECURSION = YES;
				CLANG_WARN_INT_CONVERSION = YES;
				CLANG_WARN_NON_LITERAL_NULL_CONVERSION = YES;
				CLANG_WARN_OBJC_IMPLICIT_RETAIN_SELF = YES;
				CLANG_WARN_OBJC_LITERAL_CONVERSION = YES;
				CLANG_WARN_OBJC_ROOT_CLASS = YES_ERROR;
				CLANG_WARN_QUOTED_INCLUDE_IN_FRAMEWORK_HEADER = YES;
				CLANG_WARN_RANGE_LOOP_ANALYSIS = YES;
				CLANG_WARN_STRICT_PROTOTYPES = YES;
				CLANG_WARN_SUSPICIOUS_MOVE = YES;
				CLANG_WARN_UNREACHABLE_CODE = YES;
				CLANG_WARN__DUPLICATE_METHOD_MATCH = YES;
				CODE_SIGN_IDENTITY = "-";
				COPY_PHASE_STRIP = YES;
				DEAD_CODE_STRIPPING = YES;
				DEBUG_INFORMATION_FORMAT = "dwarf-with-dsym";
				ENABLE_NS_ASSERTIONS = NO;
				ENABLE_STRICT_OBJC_MSGSEND = YES;
				GCC_C_LANGUAGE_STANDARD = gnu99;
				GCC_NO_COMMON_BLOCKS = YES;
				GCC_WARN_64_TO_32_BIT_CONVERSION = YES;
				GCC_WARN_ABOUT_RETURN_TYPE = YES_ERROR;
				GCC_WARN_UNDECLARED_SELECTOR = YES;
				GCC_WARN_UNINITIALIZED_AUTOS = YES_AGGRESSIVE;
				GCC_WARN_UNUSED_FUNCTION = YES;
				GCC_WARN_UNUSED_VARIABLE = YES;
				MACOSX_DEPLOYMENT_TARGET = 10.11;
				MTL_ENABLE_DEBUG_INFO = NO;
				SDKROOT = macosx;
			};
			name = Release;
		};
		B9D1E6131AA186C5000C5854 /* Debug */ = {
			isa = XCBuildConfiguration;
			buildSettings = {
				ASSETCATALOG_COMPILER_APPICON_NAME = AppIcon;
				CODE_SIGN_IDENTITY = "-";
				COMBINE_HIDPI_IMAGES = YES;
				DEAD_CODE_STRIPPING = YES;
				DEVELOPMENT_TEAM = "";
				INFOPLIST_FILE = CubicBezier/Info.plist;
				LD_RUNPATH_SEARCH_PATHS = "$(inherited) @executable_path/../Frameworks";
				PRODUCT_BUNDLE_IDENTIFIER = "com.isaced.$(PRODUCT_NAME:rfc1034identifier)";
				PRODUCT_NAME = "$(TARGET_NAME)";
				PROVISIONING_PROFILE_SPECIFIER = "";
			};
			name = Debug;
		};
		B9D1E6141AA186C5000C5854 /* Release */ = {
			isa = XCBuildConfiguration;
			buildSettings = {
				ASSETCATALOG_COMPILER_APPICON_NAME = AppIcon;
				CODE_SIGN_IDENTITY = "-";
				COMBINE_HIDPI_IMAGES = YES;
				DEAD_CODE_STRIPPING = YES;
				DEVELOPMENT_TEAM = "";
				INFOPLIST_FILE = CubicBezier/Info.plist;
				LD_RUNPATH_SEARCH_PATHS = "$(inherited) @executable_path/../Frameworks";
				PRODUCT_BUNDLE_IDENTIFIER = "com.isaced.$(PRODUCT_NAME:rfc1034identifier)";
				PRODUCT_NAME = "$(TARGET_NAME)";
				PROVISIONING_PROFILE_SPECIFIER = "";
			};
			name = Release;
		};
		B9D1E6161AA186C5000C5854 /* Debug */ = {
			isa = XCBuildConfiguration;
			buildSettings = {
				BUNDLE_LOADER = "$(TEST_HOST)";
				COMBINE_HIDPI_IMAGES = YES;
				DEAD_CODE_STRIPPING = YES;
				FRAMEWORK_SEARCH_PATHS = (
					"$(DEVELOPER_FRAMEWORKS_DIR)",
					"$(inherited)",
				);
				GCC_PREPROCESSOR_DEFINITIONS = (
					"DEBUG=1",
					"$(inherited)",
				);
				INFOPLIST_FILE = CubicBezierTests/Info.plist;
				LD_RUNPATH_SEARCH_PATHS = "$(inherited) @executable_path/../Frameworks @loader_path/../Frameworks";
				PRODUCT_BUNDLE_IDENTIFIER = "com.isaced.$(PRODUCT_NAME:rfc1034identifier)";
				PRODUCT_NAME = "$(TARGET_NAME)";
				TEST_HOST = "$(BUILT_PRODUCTS_DIR)/CubicBezier.app/Contents/MacOS/CubicBezier";
			};
			name = Debug;
		};
		B9D1E6171AA186C5000C5854 /* Release */ = {
			isa = XCBuildConfiguration;
			buildSettings = {
				BUNDLE_LOADER = "$(TEST_HOST)";
				COMBINE_HIDPI_IMAGES = YES;
				DEAD_CODE_STRIPPING = YES;
				FRAMEWORK_SEARCH_PATHS = (
					"$(DEVELOPER_FRAMEWORKS_DIR)",
					"$(inherited)",
				);
				INFOPLIST_FILE = CubicBezierTests/Info.plist;
				LD_RUNPATH_SEARCH_PATHS = "$(inherited) @executable_path/../Frameworks @loader_path/../Frameworks";
				PRODUCT_BUNDLE_IDENTIFIER = "com.isaced.$(PRODUCT_NAME:rfc1034identifier)";
				PRODUCT_NAME = "$(TARGET_NAME)";
				TEST_HOST = "$(BUILT_PRODUCTS_DIR)/CubicBezier.app/Contents/MacOS/CubicBezier";
			};
			name = Release;
		};
/* End XCBuildConfiguration section */

/* Begin XCConfigurationList section */
		B9D1E5ED1AA186C4000C5854 /* Build configuration list for PBXProject "CubicBezier" */ = {
			isa = XCConfigurationList;
			buildConfigurations = (
				B9D1E6101AA186C5000C5854 /* Debug */,
				B9D1E6111AA186C5000C5854 /* Release */,
			);
			defaultConfigurationIsVisible = 0;
			defaultConfigurationName = Release;
		};
		B9D1E6121AA186C5000C5854 /* Build configuration list for PBXNativeTarget "CubicBezier" */ = {
			isa = XCConfigurationList;
			buildConfigurations = (
				B9D1E6131AA186C5000C5854 /* Debug */,
				B9D1E6141AA186C5000C5854 /* Release */,
			);
			defaultConfigurationIsVisible = 0;
			defaultConfigurationName = Release;
		};
		B9D1E6151AA186C5000C5854 /* Build configuration list for PBXNativeTarget "CubicBezierTests" */ = {
			isa = XCConfigurationList;
			buildConfigurations = (
				B9D1E6161AA186C5000C5854 /* Debug */,
				B9D1E6171AA186C5000C5854 /* Release */,
			);
			defaultConfigurationIsVisible = 0;
			defaultConfigurationName = Release;
		};
/* End XCConfigurationList section */
	};
	rootObject = B9D1E5EA1AA186C4000C5854 /* Project object */;
}
